PODS:
  - AWSAuthCore (2.6.17):
    - AWSCore (= 2.6.17)
  - AWSCore (2.6.17)
  - AWSMobileClient (2.6.17):
    - AWSAuthCore (= 2.6.17)
  - Eureka (4.1.1)
  - ImageRow (3.0.0):
    - Eureka (~> 4.0)
  - Kingfisher (4.7.0)
  - Spruce (1.0.0)

DEPENDENCIES:
  - AWSMobileClient (~> 2.6.13)
  - Eureka
  - ImageRow
  - Kingfisher (~> 4.0)
  - Spruce (~> 1.0.0)

SPEC CHECKSUMS:
  AWSAuthCore: 15a48ce8153e6b7b7df763e8df9d993c7797957e
  AWSCore: 82fbb01d73a22cfae77ac2f03f6073a123092452
  AWSMobileClient: 7b8dd4ef7a7d5c08f258b547d061c3c2018d32d8
  Eureka: b88fb930e42c79f8c03c373d0fcdc28c1d6c50ed
  ImageRow: 048123c296de9a6ac3998c415a6706c45ce480af
  Kingfisher: da6b005aa96d37698e3e4f1ccfe96a5b9bbf27d6
  Spruce: 07ffdb990923f500111fcbf13d102e16075b230e

PODFILE CHECKSUM: 9d09244d1a577ec58d51dc256c4913dd6cac935e

COCOAPODS: 1.3.1
